// !$*UTF8*$!
{
	archiveVersion = 1;
	classes = {
	};
	objectVersion = 46;
	objects = {

/* Begin PBXBuildFile section */
		180652801AA6AD7D008DEE71 /* buffer-photo-flat-retry.png in Resources */ = {isa = PBXBuildFile; fileRef = 1806525D1AA6AD7D008DEE71 /* buffer-photo-flat-retry.png */; };
		180652811AA6AD7D008DEE71 /* buffer-photo-flat-retry@2x.png in Resources */ = {isa = PBXBuildFile; fileRef = 1806525E1AA6AD7D008DEE71 /* buffer-photo-flat-retry@2x.png */; };
		180652821AA6AD7D008DEE71 /* camera-handle-video@2x.png in Resources */ = {isa = PBXBuildFile; fileRef = 1806525F1AA6AD7D008DEE71 /* camera-handle-video@2x.png */; };
		180652831AA6AD7D008DEE71 /* InstaVidLoad1@2x.png in Resources */ = {isa = PBXBuildFile; fileRef = 180652611AA6AD7D008DEE71 /* InstaVidLoad1@2x.png */; };
		180652841AA6AD7D008DEE71 /* InstaVidLoad2@2x.png in Resources */ = {isa = PBXBuildFile; fileRef = 180652621AA6AD7D008DEE71 /* InstaVidLoad2@2x.png */; };
		180652851AA6AD7D008DEE71 /* sb-grid-selected.png in Resources */ = {isa = PBXBuildFile; fileRef = 180652631AA6AD7D008DEE71 /* sb-grid-selected.png */; };
		180652861AA6AD7D008DEE71 /* sb-grid-selected@2x.png in Resources */ = {isa = PBXBuildFile; fileRef = 180652641AA6AD7D008DEE71 /* sb-grid-selected@2x.png */; };
		180652871AA6AD7D008DEE71 /* sb-table-selected.png in Resources */ = {isa = PBXBuildFile; fileRef = 180652651AA6AD7D008DEE71 /* sb-table-selected.png */; };
		180652881AA6AD7D008DEE71 /* sb-table-selected@2x.png in Resources */ = {isa = PBXBuildFile; fileRef = 180652661AA6AD7D008DEE71 /* sb-table-selected@2x.png */; };
		180652891AA6AD7D008DEE71 /* SBInsta_pause@2x.png in Resources */ = {isa = PBXBuildFile; fileRef = 180652671AA6AD7D008DEE71 /* SBInsta_pause@2x.png */; };
		1806528A1AA6AD7D008DEE71 /* SBInsta_play@2x.png in Resources */ = {isa = PBXBuildFile; fileRef = 180652681AA6AD7D008DEE71 /* SBInsta_play@2x.png */; };
		1806528B1AA6AD7D008DEE71 /* SBInstagramCell.m in Sources */ = {isa = PBXBuildFile; fileRef = 1806526A1AA6AD7D008DEE71 /* SBInstagramCell.m */; };
		1806528C1AA6AD7D008DEE71 /* SBInstagramCollectionViewController.m in Sources */ = {isa = PBXBuildFile; fileRef = 1806526C1AA6AD7D008DEE71 /* SBInstagramCollectionViewController.m */; };
		1806528D1AA6AD7D008DEE71 /* SBInstagramController.m in Sources */ = {isa = PBXBuildFile; fileRef = 1806526E1AA6AD7D008DEE71 /* SBInstagramController.m */; };
		1806528E1AA6AD7D008DEE71 /* SBInstagramHTTPRequestOperationManager.m in Sources */ = {isa = PBXBuildFile; fileRef = 180652701AA6AD7D008DEE71 /* SBInstagramHTTPRequestOperationManager.m */; };
		1806528F1AA6AD7D008DEE71 /* SBInstagramImageViewController.m in Sources */ = {isa = PBXBuildFile; fileRef = 180652721AA6AD7D008DEE71 /* SBInstagramImageViewController.m */; };
		180652901AA6AD7D008DEE71 /* SBInstagramImageViewController.xib in Resources */ = {isa = PBXBuildFile; fileRef = 180652731AA6AD7D008DEE71 /* SBInstagramImageViewController.xib */; };
		180652911AA6AD7D008DEE71 /* SBInstagramLoading.png in Resources */ = {isa = PBXBuildFile; fileRef = 180652741AA6AD7D008DEE71 /* SBInstagramLoading.png */; };
		180652921AA6AD7D008DEE71 /* SBInstagramMediaEntity.m in Sources */ = {isa = PBXBuildFile; fileRef = 180652761AA6AD7D008DEE71 /* SBInstagramMediaEntity.m */; };
		180652931AA6AD7D008DEE71 /* SBInstagramModel.m in Sources */ = {isa = PBXBuildFile; fileRef = 180652781AA6AD7D008DEE71 /* SBInstagramModel.m */; };
		180652941AA6AD7D008DEE71 /* SBInstagramRefreshControl.m in Sources */ = {isa = PBXBuildFile; fileRef = 1806527A1AA6AD7D008DEE71 /* SBInstagramRefreshControl.m */; };
		180652951AA6AD7D008DEE71 /* SBInstagramSegmentedControl.m in Sources */ = {isa = PBXBuildFile; fileRef = 1806527C1AA6AD7D008DEE71 /* SBInstagramSegmentedControl.m */; };
		180652961AA6AD7D008DEE71 /* SBInstagramWebViewController.m in Sources */ = {isa = PBXBuildFile; fileRef = 1806527E1AA6AD7D008DEE71 /* SBInstagramWebViewController.m */; };
		180652971AA6AD7D008DEE71 /* SBInstagramWebViewController.xib in Resources */ = {isa = PBXBuildFile; fileRef = 1806527F1AA6AD7D008DEE71 /* SBInstagramWebViewController.xib */; };
		184ADD6C1AA6C0840077EA2B /* instagram.png in Resources */ = {isa = PBXBuildFile; fileRef = 184ADD6B1AA6C0840077EA2B /* instagram.png */; };
		18C857341AA6CB91001508ED /* NSMutableArray+Shuffled.m in Sources */ = {isa = PBXBuildFile; fileRef = 18C857331AA6CB91001508ED /* NSMutableArray+Shuffled.m */; };
		18F3A06C1AA6752F00809166 /* Tweet.m in Sources */ = {isa = PBXBuildFile; fileRef = 18F3A06B1AA6752E00809166 /* Tweet.m */; };
		18F3A0771AA6874000809166 /* user_thumb.png in Resources */ = {isa = PBXBuildFile; fileRef = 18F3A0761AA6874000809166 /* user_thumb.png */; };
		18F3A0791AA6988A00809166 /* Twitter_logo_blue.png in Resources */ = {isa = PBXBuildFile; fileRef = 18F3A0781AA6988A00809166 /* Twitter_logo_blue.png */; };
		18F3A07D1AA69B9B00809166 /* InstagramTableViewCell.m in Sources */ = {isa = PBXBuildFile; fileRef = 18F3A07B1AA69B9B00809166 /* InstagramTableViewCell.m */; };
		18F3A07E1AA69B9B00809166 /* InstagramTableViewCell.xib in Resources */ = {isa = PBXBuildFile; fileRef = 18F3A07C1AA69B9B00809166 /* InstagramTableViewCell.xib */; };
		18F3A0811AA69E8A00809166 /* IGMedia.m in Sources */ = {isa = PBXBuildFile; fileRef = 18F3A0801AA69E8A00809166 /* IGMedia.m */; };
		23AEC7B01A9C9C2200984F56 /* main.m in Sources */ = {isa = PBXBuildFile; fileRef = 23AEC7AF1A9C9C2200984F56 /* main.m */; };
		23AEC7B31A9C9C2200984F56 /* AppDelegate.m in Sources */ = {isa = PBXBuildFile; fileRef = 23AEC7B21A9C9C2200984F56 /* AppDelegate.m */; };
		23AEC7B91A9C9C2200984F56 /* Main.storyboard in Resources */ = {isa = PBXBuildFile; fileRef = 23AEC7B71A9C9C2200984F56 /* Main.storyboard */; };
		23AEC7BB1A9C9C2200984F56 /* Images.xcassets in Resources */ = {isa = PBXBuildFile; fileRef = 23AEC7BA1A9C9C2200984F56 /* Images.xcassets */; };
		23AEC7BE1A9C9C2200984F56 /* LaunchScreen.xib in Resources */ = {isa = PBXBuildFile; fileRef = 23AEC7BC1A9C9C2200984F56 /* LaunchScreen.xib */; };
		23AEC7CA1A9C9C2200984F56 /* HashTests.m in Sources */ = {isa = PBXBuildFile; fileRef = 23AEC7C91A9C9C2200984F56 /* HashTests.m */; };
		23AEC7D61A9C9C3000984F56 /* TwitterTableViewCell.m in Sources */ = {isa = PBXBuildFile; fileRef = 23AEC7D41A9C9C3000984F56 /* TwitterTableViewCell.m */; };
		23AEC7D71A9C9C3000984F56 /* TwitterTableViewCell.xib in Resources */ = {isa = PBXBuildFile; fileRef = 23AEC7D51A9C9C3000984F56 /* TwitterTableViewCell.xib */; };
		23AEC7D91A9C9E7B00984F56 /* egopv_photo_placeholder.png in Resources */ = {isa = PBXBuildFile; fileRef = 23AEC7D81A9C9E7B00984F56 /* egopv_photo_placeholder.png */; };
		23C016D51AA5D16D0057D0C7 /* HashTableViewController.m in Sources */ = {isa = PBXBuildFile; fileRef = 23C016D41AA5D16D0057D0C7 /* HashTableViewController.m */; };
		566126A3B046854C6CAA8172 /* libPods.a in Frameworks */ = {isa = PBXBuildFile; fileRef = AB8DD9428E8BBAACC391439E /* libPods.a */; };
/* End PBXBuildFile section */

/* Begin PBXContainerItemProxy section */
		23AEC7C41A9C9C2200984F56 /* PBXContainerItemProxy */ = {
			isa = PBXContainerItemProxy;
			containerPortal = 23AEC7A21A9C9C2200984F56 /* Project object */;
			proxyType = 1;
			remoteGlobalIDString = 23AEC7A91A9C9C2200984F56;
			remoteInfo = Hash;
		};
/* End PBXContainerItemProxy section */

/* Begin PBXFileReference section */
		090E23C11AAF87DC0022B1B1 /* Constants.h */ = {isa = PBXFileReference; fileEncoding = 4; lastKnownFileType = sourcecode.c.h; path = Constants.h; sourceTree = "<group>"; };
		1806525D1AA6AD7D008DEE71 /* buffer-photo-flat-retry.png */ = {isa = PBXFileReference; lastKnownFileType = image.png; path = "buffer-photo-flat-retry.png"; sourceTree = "<group>"; };
		1806525E1AA6AD7D008DEE71 /* buffer-photo-flat-retry@2x.png */ = {isa = PBXFileReference; lastKnownFileType = image.png; path = "buffer-photo-flat-retry@2x.png"; sourceTree = "<group>"; };
		1806525F1AA6AD7D008DEE71 /* camera-handle-video@2x.png */ = {isa = PBXFileReference; lastKnownFileType = image.png; path = "camera-handle-video@2x.png"; sourceTree = "<group>"; };
		180652611AA6AD7D008DEE71 /* InstaVidLoad1@2x.png */ = {isa = PBXFileReference; lastKnownFileType = image.png; path = "InstaVidLoad1@2x.png"; sourceTree = "<group>"; };
		180652621AA6AD7D008DEE71 /* InstaVidLoad2@2x.png */ = {isa = PBXFileReference; lastKnownFileType = image.png; path = "InstaVidLoad2@2x.png"; sourceTree = "<group>"; };
		180652631AA6AD7D008DEE71 /* sb-grid-selected.png */ = {isa = PBXFileReference; lastKnownFileType = image.png; path = "sb-grid-selected.png"; sourceTree = "<group>"; };
		180652641AA6AD7D008DEE71 /* sb-grid-selected@2x.png */ = {isa = PBXFileReference; lastKnownFileType = image.png; path = "sb-grid-selected@2x.png"; sourceTree = "<group>"; };
		180652651AA6AD7D008DEE71 /* sb-table-selected.png */ = {isa = PBXFileReference; lastKnownFileType = image.png; path = "sb-table-selected.png"; sourceTree = "<group>"; };
		180652661AA6AD7D008DEE71 /* sb-table-selected@2x.png */ = {isa = PBXFileReference; lastKnownFileType = image.png; path = "sb-table-selected@2x.png"; sourceTree = "<group>"; };
		180652671AA6AD7D008DEE71 /* SBInsta_pause@2x.png */ = {isa = PBXFileReference; lastKnownFileType = image.png; path = "SBInsta_pause@2x.png"; sourceTree = "<group>"; };
		180652681AA6AD7D008DEE71 /* SBInsta_play@2x.png */ = {isa = PBXFileReference; lastKnownFileType = image.png; path = "SBInsta_play@2x.png"; sourceTree = "<group>"; };
		180652691AA6AD7D008DEE71 /* SBInstagramCell.h */ = {isa = PBXFileReference; fileEncoding = 4; lastKnownFileType = sourcecode.c.h; path = SBInstagramCell.h; sourceTree = "<group>"; };
		1806526A1AA6AD7D008DEE71 /* SBInstagramCell.m */ = {isa = PBXFileReference; fileEncoding = 4; lastKnownFileType = sourcecode.c.objc; path = SBInstagramCell.m; sourceTree = "<group>"; };
		1806526B1AA6AD7D008DEE71 /* SBInstagramCollectionViewController.h */ = {isa = PBXFileReference; fileEncoding = 4; lastKnownFileType = sourcecode.c.h; path = SBInstagramCollectionViewController.h; sourceTree = "<group>"; };
		1806526C1AA6AD7D008DEE71 /* SBInstagramCollectionViewController.m */ = {isa = PBXFileReference; fileEncoding = 4; lastKnownFileType = sourcecode.c.objc; path = SBInstagramCollectionViewController.m; sourceTree = "<group>"; };
		1806526D1AA6AD7D008DEE71 /* SBInstagramController.h */ = {isa = PBXFileReference; fileEncoding = 4; lastKnownFileType = sourcecode.c.h; path = SBInstagramController.h; sourceTree = "<group>"; };
		1806526E1AA6AD7D008DEE71 /* SBInstagramController.m */ = {isa = PBXFileReference; fileEncoding = 4; lastKnownFileType = sourcecode.c.objc; path = SBInstagramController.m; sourceTree = "<group>"; };
		1806526F1AA6AD7D008DEE71 /* SBInstagramHTTPRequestOperationManager.h */ = {isa = PBXFileReference; fileEncoding = 4; lastKnownFileType = sourcecode.c.h; path = SBInstagramHTTPRequestOperationManager.h; sourceTree = "<group>"; };
		180652701AA6AD7D008DEE71 /* SBInstagramHTTPRequestOperationManager.m */ = {isa = PBXFileReference; fileEncoding = 4; lastKnownFileType = sourcecode.c.objc; path = SBInstagramHTTPRequestOperationManager.m; sourceTree = "<group>"; };
		180652711AA6AD7D008DEE71 /* SBInstagramImageViewController.h */ = {isa = PBXFileReference; fileEncoding = 4; lastKnownFileType = sourcecode.c.h; path = SBInstagramImageViewController.h; sourceTree = "<group>"; };
		180652721AA6AD7D008DEE71 /* SBInstagramImageViewController.m */ = {isa = PBXFileReference; fileEncoding = 4; lastKnownFileType = sourcecode.c.objc; path = SBInstagramImageViewController.m; sourceTree = "<group>"; };
		180652731AA6AD7D008DEE71 /* SBInstagramImageViewController.xib */ = {isa = PBXFileReference; fileEncoding = 4; lastKnownFileType = file.xib; path = SBInstagramImageViewController.xib; sourceTree = "<group>"; };
		180652741AA6AD7D008DEE71 /* SBInstagramLoading.png */ = {isa = PBXFileReference; lastKnownFileType = image.png; path = SBInstagramLoading.png; sourceTree = "<group>"; };
		180652751AA6AD7D008DEE71 /* SBInstagramMediaEntity.h */ = {isa = PBXFileReference; fileEncoding = 4; lastKnownFileType = sourcecode.c.h; path = SBInstagramMediaEntity.h; sourceTree = "<group>"; };
		180652761AA6AD7D008DEE71 /* SBInstagramMediaEntity.m */ = {isa = PBXFileReference; fileEncoding = 4; lastKnownFileType = sourcecode.c.objc; path = SBInstagramMediaEntity.m; sourceTree = "<group>"; };
		180652771AA6AD7D008DEE71 /* SBInstagramModel.h */ = {isa = PBXFileReference; fileEncoding = 4; lastKnownFileType = sourcecode.c.h; path = SBInstagramModel.h; sourceTree = "<group>"; };
		180652781AA6AD7D008DEE71 /* SBInstagramModel.m */ = {isa = PBXFileReference; fileEncoding = 4; lastKnownFileType = sourcecode.c.objc; path = SBInstagramModel.m; sourceTree = "<group>"; };
		180652791AA6AD7D008DEE71 /* SBInstagramRefreshControl.h */ = {isa = PBXFileReference; fileEncoding = 4; lastKnownFileType = sourcecode.c.h; path = SBInstagramRefreshControl.h; sourceTree = "<group>"; };
		1806527A1AA6AD7D008DEE71 /* SBInstagramRefreshControl.m */ = {isa = PBXFileReference; fileEncoding = 4; lastKnownFileType = sourcecode.c.objc; path = SBInstagramRefreshControl.m; sourceTree = "<group>"; };
		1806527B1AA6AD7D008DEE71 /* SBInstagramSegmentedControl.h */ = {isa = PBXFileReference; fileEncoding = 4; lastKnownFileType = sourcecode.c.h; path = SBInstagramSegmentedControl.h; sourceTree = "<group>"; };
		1806527C1AA6AD7D008DEE71 /* SBInstagramSegmentedControl.m */ = {isa = PBXFileReference; fileEncoding = 4; lastKnownFileType = sourcecode.c.objc; path = SBInstagramSegmentedControl.m; sourceTree = "<group>"; };
		1806527D1AA6AD7D008DEE71 /* SBInstagramWebViewController.h */ = {isa = PBXFileReference; fileEncoding = 4; lastKnownFileType = sourcecode.c.h; path = SBInstagramWebViewController.h; sourceTree = "<group>"; };
		1806527E1AA6AD7D008DEE71 /* SBInstagramWebViewController.m */ = {isa = PBXFileReference; fileEncoding = 4; lastKnownFileType = sourcecode.c.objc; path = SBInstagramWebViewController.m; sourceTree = "<group>"; };
		1806527F1AA6AD7D008DEE71 /* SBInstagramWebViewController.xib */ = {isa = PBXFileReference; fileEncoding = 4; lastKnownFileType = file.xib; path = SBInstagramWebViewController.xib; sourceTree = "<group>"; };
		184ADD6B1AA6C0840077EA2B /* instagram.png */ = {isa = PBXFileReference; lastKnownFileType = image.png; path = instagram.png; sourceTree = "<group>"; };
		18C857321AA6CB91001508ED /* NSMutableArray+Shuffled.h */ = {isa = PBXFileReference; fileEncoding = 4; lastKnownFileType = sourcecode.c.h; path = "NSMutableArray+Shuffled.h"; sourceTree = "<group>"; };
		18C857331AA6CB91001508ED /* NSMutableArray+Shuffled.m */ = {isa = PBXFileReference; fileEncoding = 4; lastKnownFileType = sourcecode.c.objc; path = "NSMutableArray+Shuffled.m"; sourceTree = "<group>"; };
		18F3A06A1AA6752E00809166 /* Tweet.h */ = {isa = PBXFileReference; fileEncoding = 4; lastKnownFileType = sourcecode.c.h; path = Tweet.h; sourceTree = "<group>"; };
		18F3A06B1AA6752E00809166 /* Tweet.m */ = {isa = PBXFileReference; fileEncoding = 4; lastKnownFileType = sourcecode.c.objc; path = Tweet.m; sourceTree = "<group>"; };
		18F3A0761AA6874000809166 /* user_thumb.png */ = {isa = PBXFileReference; lastKnownFileType = image.png; path = user_thumb.png; sourceTree = "<group>"; };
		18F3A0781AA6988A00809166 /* Twitter_logo_blue.png */ = {isa = PBXFileReference; lastKnownFileType = image.png; path = Twitter_logo_blue.png; sourceTree = "<group>"; };
		18F3A07A1AA69B9B00809166 /* InstagramTableViewCell.h */ = {isa = PBXFileReference; fileEncoding = 4; lastKnownFileType = sourcecode.c.h; path = InstagramTableViewCell.h; sourceTree = "<group>"; };
		18F3A07B1AA69B9B00809166 /* InstagramTableViewCell.m */ = {isa = PBXFileReference; fileEncoding = 4; lastKnownFileType = sourcecode.c.objc; path = InstagramTableViewCell.m; sourceTree = "<group>"; };
		18F3A07C1AA69B9B00809166 /* InstagramTableViewCell.xib */ = {isa = PBXFileReference; fileEncoding = 4; lastKnownFileType = file.xib; path = InstagramTableViewCell.xib; sourceTree = "<group>"; };
		18F3A07F1AA69E8A00809166 /* IGMedia.h */ = {isa = PBXFileReference; fileEncoding = 4; lastKnownFileType = sourcecode.c.h; path = IGMedia.h; sourceTree = "<group>"; };
		18F3A0801AA69E8A00809166 /* IGMedia.m */ = {isa = PBXFileReference; fileEncoding = 4; lastKnownFileType = sourcecode.c.objc; path = IGMedia.m; sourceTree = "<group>"; };
		23AEC7AA1A9C9C2200984F56 /* Hash.app */ = {isa = PBXFileReference; explicitFileType = wrapper.application; includeInIndex = 0; path = Hash.app; sourceTree = BUILT_PRODUCTS_DIR; };
		23AEC7AE1A9C9C2200984F56 /* Info.plist */ = {isa = PBXFileReference; lastKnownFileType = text.plist.xml; path = Info.plist; sourceTree = "<group>"; };
		23AEC7AF1A9C9C2200984F56 /* main.m */ = {isa = PBXFileReference; lastKnownFileType = sourcecode.c.objc; path = main.m; sourceTree = "<group>"; };
		23AEC7B11A9C9C2200984F56 /* AppDelegate.h */ = {isa = PBXFileReference; lastKnownFileType = sourcecode.c.h; path = AppDelegate.h; sourceTree = "<group>"; };
		23AEC7B21A9C9C2200984F56 /* AppDelegate.m */ = {isa = PBXFileReference; lastKnownFileType = sourcecode.c.objc; path = AppDelegate.m; sourceTree = "<group>"; };
		23AEC7B81A9C9C2200984F56 /* Base */ = {isa = PBXFileReference; lastKnownFileType = file.storyboard; name = Base; path = Base.lproj/Main.storyboard; sourceTree = "<group>"; };
		23AEC7BA1A9C9C2200984F56 /* Images.xcassets */ = {isa = PBXFileReference; lastKnownFileType = folder.assetcatalog; path = Images.xcassets; sourceTree = "<group>"; };
		23AEC7BD1A9C9C2200984F56 /* Base */ = {isa = PBXFileReference; lastKnownFileType = file.xib; name = Base; path = Base.lproj/LaunchScreen.xib; sourceTree = "<group>"; };
		23AEC7C31A9C9C2200984F56 /* HashTests.xctest */ = {isa = PBXFileReference; explicitFileType = wrapper.cfbundle; includeInIndex = 0; path = HashTests.xctest; sourceTree = BUILT_PRODUCTS_DIR; };
		23AEC7C81A9C9C2200984F56 /* Info.plist */ = {isa = PBXFileReference; lastKnownFileType = text.plist.xml; path = Info.plist; sourceTree = "<group>"; };
		23AEC7C91A9C9C2200984F56 /* HashTests.m */ = {isa = PBXFileReference; lastKnownFileType = sourcecode.c.objc; path = HashTests.m; sourceTree = "<group>"; };
		23AEC7D31A9C9C3000984F56 /* TwitterTableViewCell.h */ = {isa = PBXFileReference; fileEncoding = 4; lastKnownFileType = sourcecode.c.h; path = TwitterTableViewCell.h; sourceTree = "<group>"; };
		23AEC7D41A9C9C3000984F56 /* TwitterTableViewCell.m */ = {isa = PBXFileReference; fileEncoding = 4; lastKnownFileType = sourcecode.c.objc; path = TwitterTableViewCell.m; sourceTree = "<group>"; };
		23AEC7D51A9C9C3000984F56 /* TwitterTableViewCell.xib */ = {isa = PBXFileReference; fileEncoding = 4; lastKnownFileType = file.xib; path = TwitterTableViewCell.xib; sourceTree = "<group>"; };
		23AEC7D81A9C9E7B00984F56 /* egopv_photo_placeholder.png */ = {isa = PBXFileReference; lastKnownFileType = image.png; path = egopv_photo_placeholder.png; sourceTree = "<group>"; };
		23C016D31AA5D16D0057D0C7 /* HashTableViewController.h */ = {isa = PBXFileReference; fileEncoding = 4; lastKnownFileType = sourcecode.c.h; path = HashTableViewController.h; sourceTree = "<group>"; };
		23C016D41AA5D16D0057D0C7 /* HashTableViewController.m */ = {isa = PBXFileReference; fileEncoding = 4; lastKnownFileType = sourcecode.c.objc; path = HashTableViewController.m; sourceTree = "<group>"; };
		566CACB78F9E4C94F2E90412 /* Pods.release.xcconfig */ = {isa = PBXFileReference; includeInIndex = 1; lastKnownFileType = text.xcconfig; name = Pods.release.xcconfig; path = "Pods/Target Support Files/Pods/Pods.release.xcconfig"; sourceTree = "<group>"; };
		AB8DD9428E8BBAACC391439E /* libPods.a */ = {isa = PBXFileReference; explicitFileType = archive.ar; includeInIndex = 0; path = libPods.a; sourceTree = BUILT_PRODUCTS_DIR; };
		F50EC01E063711E19F74C7F4 /* Pods.debug.xcconfig */ = {isa = PBXFileReference; includeInIndex = 1; lastKnownFileType = text.xcconfig; name = Pods.debug.xcconfig; path = "Pods/Target Support Files/Pods/Pods.debug.xcconfig"; sourceTree = "<group>"; };
/* End PBXFileReference section */

/* Begin PBXFrameworksBuildPhase section */
		23AEC7A71A9C9C2200984F56 /* Frameworks */ = {
			isa = PBXFrameworksBuildPhase;
			buildActionMask = 2147483647;
			files = (
				566126A3B046854C6CAA8172 /* libPods.a in Frameworks */,
			);
			runOnlyForDeploymentPostprocessing = 0;
		};
		23AEC7C01A9C9C2200984F56 /* Frameworks */ = {
			isa = PBXFrameworksBuildPhase;
			buildActionMask = 2147483647;
			files = (
			);
			runOnlyForDeploymentPostprocessing = 0;
		};
/* End PBXFrameworksBuildPhase section */

/* Begin PBXGroup section */
		1806525C1AA6AD7D008DEE71 /* SBInstagram */ = {
			isa = PBXGroup;
			children = (
				1806525D1AA6AD7D008DEE71 /* buffer-photo-flat-retry.png */,
				1806525E1AA6AD7D008DEE71 /* buffer-photo-flat-retry@2x.png */,
				1806525F1AA6AD7D008DEE71 /* camera-handle-video@2x.png */,
				180652601AA6AD7D008DEE71 /* resources */,
				180652691AA6AD7D008DEE71 /* SBInstagramCell.h */,
				1806526A1AA6AD7D008DEE71 /* SBInstagramCell.m */,
				1806526B1AA6AD7D008DEE71 /* SBInstagramCollectionViewController.h */,
				1806526C1AA6AD7D008DEE71 /* SBInstagramCollectionViewController.m */,
				1806526D1AA6AD7D008DEE71 /* SBInstagramController.h */,
				1806526E1AA6AD7D008DEE71 /* SBInstagramController.m */,
				1806526F1AA6AD7D008DEE71 /* SBInstagramHTTPRequestOperationManager.h */,
				180652701AA6AD7D008DEE71 /* SBInstagramHTTPRequestOperationManager.m */,
				180652711AA6AD7D008DEE71 /* SBInstagramImageViewController.h */,
				180652721AA6AD7D008DEE71 /* SBInstagramImageViewController.m */,
				180652731AA6AD7D008DEE71 /* SBInstagramImageViewController.xib */,
				180652741AA6AD7D008DEE71 /* SBInstagramLoading.png */,
				180652751AA6AD7D008DEE71 /* SBInstagramMediaEntity.h */,
				180652761AA6AD7D008DEE71 /* SBInstagramMediaEntity.m */,
				180652771AA6AD7D008DEE71 /* SBInstagramModel.h */,
				180652781AA6AD7D008DEE71 /* SBInstagramModel.m */,
				180652791AA6AD7D008DEE71 /* SBInstagramRefreshControl.h */,
				1806527A1AA6AD7D008DEE71 /* SBInstagramRefreshControl.m */,
				1806527B1AA6AD7D008DEE71 /* SBInstagramSegmentedControl.h */,
				1806527C1AA6AD7D008DEE71 /* SBInstagramSegmentedControl.m */,
				1806527D1AA6AD7D008DEE71 /* SBInstagramWebViewController.h */,
				1806527E1AA6AD7D008DEE71 /* SBInstagramWebViewController.m */,
				1806527F1AA6AD7D008DEE71 /* SBInstagramWebViewController.xib */,
			);
			path = SBInstagram;
			sourceTree = "<group>";
		};
		180652601AA6AD7D008DEE71 /* resources */ = {
			isa = PBXGroup;
			children = (
				180652611AA6AD7D008DEE71 /* InstaVidLoad1@2x.png */,
				180652621AA6AD7D008DEE71 /* InstaVidLoad2@2x.png */,
				180652631AA6AD7D008DEE71 /* sb-grid-selected.png */,
				180652641AA6AD7D008DEE71 /* sb-grid-selected@2x.png */,
				180652651AA6AD7D008DEE71 /* sb-table-selected.png */,
				180652661AA6AD7D008DEE71 /* sb-table-selected@2x.png */,
				180652671AA6AD7D008DEE71 /* SBInsta_pause@2x.png */,
				180652681AA6AD7D008DEE71 /* SBInsta_play@2x.png */,
			);
			path = resources;
			sourceTree = "<group>";
		};
		180652981AA6B133008DEE71 /* Models */ = {
			isa = PBXGroup;
			children = (
				18F3A06A1AA6752E00809166 /* Tweet.h */,
				18F3A06B1AA6752E00809166 /* Tweet.m */,
				18F3A07F1AA69E8A00809166 /* IGMedia.h */,
				18F3A0801AA69E8A00809166 /* IGMedia.m */,
			);
			name = Models;
			sourceTree = "<group>";
		};
		180652991AA6B145008DEE71 /* Views */ = {
			isa = PBXGroup;
			children = (
				23AEC7D31A9C9C3000984F56 /* TwitterTableViewCell.h */,
				23AEC7D41A9C9C3000984F56 /* TwitterTableViewCell.m */,
				23AEC7D51A9C9C3000984F56 /* TwitterTableViewCell.xib */,
				18F3A07A1AA69B9B00809166 /* InstagramTableViewCell.h */,
				18F3A07B1AA69B9B00809166 /* InstagramTableViewCell.m */,
				18F3A07C1AA69B9B00809166 /* InstagramTableViewCell.xib */,
			);
			name = Views;
			sourceTree = "<group>";
		};
		1806529A1AA6B174008DEE71 /* Images */ = {
			isa = PBXGroup;
			children = (
				18F3A0761AA6874000809166 /* user_thumb.png */,
				23AEC7D81A9C9E7B00984F56 /* egopv_photo_placeholder.png */,
				18F3A0781AA6988A00809166 /* Twitter_logo_blue.png */,
				184ADD6B1AA6C0840077EA2B /* instagram.png */,
			);
			name = Images;
			sourceTree = "<group>";
		};
		1806529B1AA6B282008DEE71 /* HashTableViewController */ = {
			isa = PBXGroup;
			children = (
				180652981AA6B133008DEE71 /* Models */,
				1806529A1AA6B174008DEE71 /* Images */,
				180652991AA6B145008DEE71 /* Views */,
				090E23C11AAF87DC0022B1B1 /* Constants.h */,
				23C016D31AA5D16D0057D0C7 /* HashTableViewController.h */,
				23C016D41AA5D16D0057D0C7 /* HashTableViewController.m */,
			);
			name = HashTableViewController;
			sourceTree = "<group>";
		};
		1806529C1AA6B335008DEE71 /* AppDelegate */ = {
			isa = PBXGroup;
			children = (
				23AEC7B11A9C9C2200984F56 /* AppDelegate.h */,
				23AEC7B21A9C9C2200984F56 /* AppDelegate.m */,
				18C857321AA6CB91001508ED /* NSMutableArray+Shuffled.h */,
				18C857331AA6CB91001508ED /* NSMutableArray+Shuffled.m */,
			);
			name = AppDelegate;
			sourceTree = "<group>";
		};
		1806529D1AA6B349008DEE71 /* Storyboard */ = {
			isa = PBXGroup;
			children = (
				23AEC7B71A9C9C2200984F56 /* Main.storyboard */,
				23AEC7BC1A9C9C2200984F56 /* LaunchScreen.xib */,
			);
			name = Storyboard;
			sourceTree = "<group>";
		};
		23AEC7A11A9C9C2200984F56 = {
			isa = PBXGroup;
			children = (
				23AEC7AC1A9C9C2200984F56 /* Hash */,
				23AEC7C61A9C9C2200984F56 /* HashTests */,
				23AEC7AB1A9C9C2200984F56 /* Products */,
				FCF5997092A7E43655B21696 /* Pods */,
				301DEF68218053EB838A84DF /* Frameworks */,
			);
			sourceTree = "<group>";
		};
		23AEC7AB1A9C9C2200984F56 /* Products */ = {
			isa = PBXGroup;
			children = (
				23AEC7AA1A9C9C2200984F56 /* Hash.app */,
				23AEC7C31A9C9C2200984F56 /* HashTests.xctest */,
			);
			name = Products;
			sourceTree = "<group>";
		};
		23AEC7AC1A9C9C2200984F56 /* Hash */ = {
			isa = PBXGroup;
			children = (
				1806525C1AA6AD7D008DEE71 /* SBInstagram */,
				1806529C1AA6B335008DEE71 /* AppDelegate */,
				1806529B1AA6B282008DEE71 /* HashTableViewController */,
				23AEC7BA1A9C9C2200984F56 /* Images.xcassets */,
				1806529D1AA6B349008DEE71 /* Storyboard */,
				23AEC7AD1A9C9C2200984F56 /* Supporting Files */,
			);
			path = Hash;
			sourceTree = "<group>";
		};
		23AEC7AD1A9C9C2200984F56 /* Supporting Files */ = {
			isa = PBXGroup;
			children = (
				23AEC7AE1A9C9C2200984F56 /* Info.plist */,
				23AEC7AF1A9C9C2200984F56 /* main.m */,
			);
			name = "Supporting Files";
			sourceTree = "<group>";
		};
		23AEC7C61A9C9C2200984F56 /* HashTests */ = {
			isa = PBXGroup;
			children = (
				23AEC7C91A9C9C2200984F56 /* HashTests.m */,
				23AEC7C71A9C9C2200984F56 /* Supporting Files */,
			);
			path = HashTests;
			sourceTree = "<group>";
		};
		23AEC7C71A9C9C2200984F56 /* Supporting Files */ = {
			isa = PBXGroup;
			children = (
				23AEC7C81A9C9C2200984F56 /* Info.plist */,
			);
			name = "Supporting Files";
			sourceTree = "<group>";
		};
		301DEF68218053EB838A84DF /* Frameworks */ = {
			isa = PBXGroup;
			children = (
				AB8DD9428E8BBAACC391439E /* libPods.a */,
			);
			name = Frameworks;
			sourceTree = "<group>";
		};
		FCF5997092A7E43655B21696 /* Pods */ = {
			isa = PBXGroup;
			children = (
				F50EC01E063711E19F74C7F4 /* Pods.debug.xcconfig */,
				566CACB78F9E4C94F2E90412 /* Pods.release.xcconfig */,
			);
			name = Pods;
			sourceTree = "<group>";
		};
/* End PBXGroup section */

/* Begin PBXNativeTarget section */
		23AEC7A91A9C9C2200984F56 /* Hash */ = {
			isa = PBXNativeTarget;
			buildConfigurationList = 23AEC7CD1A9C9C2200984F56 /* Build configuration list for PBXNativeTarget "Hash" */;
			buildPhases = (
				E921C75E17783EDEBA612325 /* Check Pods Manifest.lock */,
				23AEC7A61A9C9C2200984F56 /* Sources */,
				23AEC7A71A9C9C2200984F56 /* Frameworks */,
				23AEC7A81A9C9C2200984F56 /* Resources */,
				709DBE984D3B2E77D3A79354 /* Copy Pods Resources */,
			);
			buildRules = (
			);
			dependencies = (
			);
			name = Hash;
			productName = Hash;
			productReference = 23AEC7AA1A9C9C2200984F56 /* Hash.app */;
			productType = "com.apple.product-type.application";
		};
		23AEC7C21A9C9C2200984F56 /* HashTests */ = {
			isa = PBXNativeTarget;
			buildConfigurationList = 23AEC7D01A9C9C2200984F56 /* Build configuration list for PBXNativeTarget "HashTests" */;
			buildPhases = (
				23AEC7BF1A9C9C2200984F56 /* Sources */,
				23AEC7C01A9C9C2200984F56 /* Frameworks */,
				23AEC7C11A9C9C2200984F56 /* Resources */,
			);
			buildRules = (
			);
			dependencies = (
				23AEC7C51A9C9C2200984F56 /* PBXTargetDependency */,
			);
			name = HashTests;
			productName = HashTests;
			productReference = 23AEC7C31A9C9C2200984F56 /* HashTests.xctest */;
			productType = "com.apple.product-type.bundle.unit-test";
		};
/* End PBXNativeTarget section */

/* Begin PBXProject section */
		23AEC7A21A9C9C2200984F56 /* Project object */ = {
			isa = PBXProject;
			attributes = {
				LastUpgradeCheck = 0610;
				ORGANIZATIONNAME = NXB;
				TargetAttributes = {
					23AEC7A91A9C9C2200984F56 = {
						CreatedOnToolsVersion = 6.1;
					};
					23AEC7C21A9C9C2200984F56 = {
						CreatedOnToolsVersion = 6.1;
						TestTargetID = 23AEC7A91A9C9C2200984F56;
					};
				};
			};
			buildConfigurationList = 23AEC7A51A9C9C2200984F56 /* Build configuration list for PBXProject "Hash" */;
			compatibilityVersion = "Xcode 3.2";
			developmentRegion = English;
			hasScannedForEncodings = 0;
			knownRegions = (
				en,
				Base,
			);
			mainGroup = 23AEC7A11A9C9C2200984F56;
			productRefGroup = 23AEC7AB1A9C9C2200984F56 /* Products */;
			projectDirPath = "";
			projectRoot = "";
			targets = (
				23AEC7A91A9C9C2200984F56 /* Hash */,
				23AEC7C21A9C9C2200984F56 /* HashTests */,
			);
		};
/* End PBXProject section */

/* Begin PBXResourcesBuildPhase section */
		23AEC7A81A9C9C2200984F56 /* Resources */ = {
			isa = PBXResourcesBuildPhase;
			buildActionMask = 2147483647;
			files = (
				180652901AA6AD7D008DEE71 /* SBInstagramImageViewController.xib in Resources */,
				180652811AA6AD7D008DEE71 /* buffer-photo-flat-retry@2x.png in Resources */,
				180652881AA6AD7D008DEE71 /* sb-table-selected@2x.png in Resources */,
				180652801AA6AD7D008DEE71 /* buffer-photo-flat-retry.png in Resources */,
				180652861AA6AD7D008DEE71 /* sb-grid-selected@2x.png in Resources */,
				23AEC7B91A9C9C2200984F56 /* Main.storyboard in Resources */,
				184ADD6C1AA6C0840077EA2B /* instagram.png in Resources */,
				23AEC7BE1A9C9C2200984F56 /* LaunchScreen.xib in Resources */,
				18F3A0791AA6988A00809166 /* Twitter_logo_blue.png in Resources */,
				180652831AA6AD7D008DEE71 /* InstaVidLoad1@2x.png in Resources */,
				180652821AA6AD7D008DEE71 /* camera-handle-video@2x.png in Resources */,
				1806528A1AA6AD7D008DEE71 /* SBInsta_play@2x.png in Resources */,
				18F3A07E1AA69B9B00809166 /* InstagramTableViewCell.xib in Resources */,
				180652911AA6AD7D008DEE71 /* SBInstagramLoading.png in Resources */,
				23AEC7BB1A9C9C2200984F56 /* Images.xcassets in Resources */,
				23AEC7D71A9C9C3000984F56 /* TwitterTableViewCell.xib in Resources */,
				180652841AA6AD7D008DEE71 /* InstaVidLoad2@2x.png in Resources */,
				23AEC7D91A9C9E7B00984F56 /* egopv_photo_placeholder.png in Resources */,
				18F3A0771AA6874000809166 /* user_thumb.png in Resources */,
				180652871AA6AD7D008DEE71 /* sb-table-selected.png in Resources */,
				180652971AA6AD7D008DEE71 /* SBInstagramWebViewController.xib in Resources */,
				180652891AA6AD7D008DEE71 /* SBInsta_pause@2x.png in Resources */,
				180652851AA6AD7D008DEE71 /* sb-grid-selected.png in Resources */,
			);
			runOnlyForDeploymentPostprocessing = 0;
		};
		23AEC7C11A9C9C2200984F56 /* Resources */ = {
			isa = PBXResourcesBuildPhase;
			buildActionMask = 2147483647;
			files = (
			);
			runOnlyForDeploymentPostprocessing = 0;
		};
/* End PBXResourcesBuildPhase section */

/* Begin PBXShellScriptBuildPhase section */
		709DBE984D3B2E77D3A79354 /* Copy Pods Resources */ = {
			isa = PBXShellScriptBuildPhase;
			buildActionMask = 2147483647;
			files = (
			);
			inputPaths = (
			);
			name = "Copy Pods Resources";
			outputPaths = (
			);
			runOnlyForDeploymentPostprocessing = 0;
			shellPath = /bin/sh;
			shellScript = "\"${SRCROOT}/Pods/Target Support Files/Pods/Pods-resources.sh\"\n";
			showEnvVarsInLog = 0;
		};
		E921C75E17783EDEBA612325 /* Check Pods Manifest.lock */ = {
			isa = PBXShellScriptBuildPhase;
			buildActionMask = 2147483647;
			files = (
			);
			inputPaths = (
			);
			name = "Check Pods Manifest.lock";
			outputPaths = (
			);
			runOnlyForDeploymentPostprocessing = 0;
			shellPath = /bin/sh;
			shellScript = "diff \"${PODS_ROOT}/../Podfile.lock\" \"${PODS_ROOT}/Manifest.lock\" > /dev/null\nif [[ $? != 0 ]] ; then\n    cat << EOM\nerror: The sandbox is not in sync with the Podfile.lock. Run 'pod install' or update your CocoaPods installation.\nEOM\n    exit 1\nfi\n";
			showEnvVarsInLog = 0;
		};
/* End PBXShellScriptBuildPhase section */

/* Begin PBXSourcesBuildPhase section */
		23AEC7A61A9C9C2200984F56 /* Sources */ = {
			isa = PBXSourcesBuildPhase;
			buildActionMask = 2147483647;
			files = (
				180652941AA6AD7D008DEE71 /* SBInstagramRefreshControl.m in Sources */,
				180652921AA6AD7D008DEE71 /* SBInstagramMediaEntity.m in Sources */,
				18C857341AA6CB91001508ED /* NSMutableArray+Shuffled.m in Sources */,
				1806528F1AA6AD7D008DEE71 /* SBInstagramImageViewController.m in Sources */,
				18F3A07D1AA69B9B00809166 /* InstagramTableViewCell.m in Sources */,
				23AEC7B31A9C9C2200984F56 /* AppDelegate.m in Sources */,
				23AEC7B01A9C9C2200984F56 /* main.m in Sources */,
				1806528C1AA6AD7D008DEE71 /* SBInstagramCollectionViewController.m in Sources */,
				18F3A0811AA69E8A00809166 /* IGMedia.m in Sources */,
				1806528D1AA6AD7D008DEE71 /* SBInstagramController.m in Sources */,
				1806528E1AA6AD7D008DEE71 /* SBInstagramHTTPRequestOperationManager.m in Sources */,
				180652951AA6AD7D008DEE71 /* SBInstagramSegmentedControl.m in Sources */,
				18F3A06C1AA6752F00809166 /* Tweet.m in Sources */,
				23AEC7D61A9C9C3000984F56 /* TwitterTableViewCell.m in Sources */,
				180652961AA6AD7D008DEE71 /* SBInstagramWebViewController.m in Sources */,
				180652931AA6AD7D008DEE71 /* SBInstagramModel.m in Sources */,
				23C016D51AA5D16D0057D0C7 /* HashTableViewController.m in Sources */,
				1806528B1AA6AD7D008DEE71 /* SBInstagramCell.m in Sources */,
			);
			runOnlyForDeploymentPostprocessing = 0;
		};
		23AEC7BF1A9C9C2200984F56 /* Sources */ = {
			isa = PBXSourcesBuildPhase;
			buildActionMask = 2147483647;
			files = (
				23AEC7CA1A9C9C2200984F56 /* HashTests.m in Sources */,
			);
			runOnlyForDeploymentPostprocessing = 0;
		};
/* End PBXSourcesBuildPhase section */

/* Begin PBXTargetDependency section */
		23AEC7C51A9C9C2200984F56 /* PBXTargetDependency */ = {
			isa = PBXTargetDependency;
			target = 23AEC7A91A9C9C2200984F56 /* Hash */;
			targetProxy = 23AEC7C41A9C9C2200984F56 /* PBXContainerItemProxy */;
		};
/* End PBXTargetDependency section */

/* Begin PBXVariantGroup section */
		23AEC7B71A9C9C2200984F56 /* Main.storyboard */ = {
			isa = PBXVariantGroup;
			children = (
				23AEC7B81A9C9C2200984F56 /* Base */,
			);
			name = Main.storyboard;
			sourceTree = "<group>";
		};
		23AEC7BC1A9C9C2200984F56 /* LaunchScreen.xib */ = {
			isa = PBXVariantGroup;
			children = (
				23AEC7BD1A9C9C2200984F56 /* Base */,
			);
			name = LaunchScreen.xib;
			sourceTree = "<group>";
		};
/* End PBXVariantGroup section */

/* Begin XCBuildConfiguration section */
		23AEC7CB1A9C9C2200984F56 /* Debug */ = {
			isa = XCBuildConfiguration;
			buildSettings = {
				ALWAYS_SEARCH_USER_PATHS = NO;
				CLANG_CXX_LANGUAGE_STANDARD = "gnu++0x";
				CLANG_CXX_LIBRARY = "libc++";
				CLANG_ENABLE_MODULES = YES;
				CLANG_ENABLE_OBJC_ARC = YES;
				CLANG_WARN_BOOL_CONVERSION = YES;
				CLANG_WARN_CONSTANT_CONVERSION = YES;
				CLANG_WARN_DIRECT_OBJC_ISA_USAGE = YES_ERROR;
				CLANG_WARN_EMPTY_BODY = YES;
				CLANG_WARN_ENUM_CONVERSION = YES;
				CLANG_WARN_INT_CONVERSION = YES;
				CLANG_WARN_OBJC_ROOT_CLASS = YES_ERROR;
				CLANG_WARN_UNREACHABLE_CODE = YES;
				CLANG_WARN__DUPLICATE_METHOD_MATCH = YES;
				"CODE_SIGN_IDENTITY[sdk=iphoneos*]" = "iPhone Developer";
				COPY_PHASE_STRIP = NO;
				ENABLE_STRICT_OBJC_MSGSEND = YES;
				GCC_C_LANGUAGE_STANDARD = gnu99;
				GCC_DYNAMIC_NO_PIC = NO;
				GCC_OPTIMIZATION_LEVEL = 0;
				GCC_PREPROCESSOR_DEFINITIONS = (
					"DEBUG=1",
					"$(inherited)",
				);
				GCC_SYMBOLS_PRIVATE_EXTERN = NO;
				GCC_WARN_64_TO_32_BIT_CONVERSION = YES;
				GCC_WARN_ABOUT_RETURN_TYPE = YES_ERROR;
				GCC_WARN_UNDECLARED_SELECTOR = YES;
				GCC_WARN_UNINITIALIZED_AUTOS = YES_AGGRESSIVE;
				GCC_WARN_UNUSED_FUNCTION = YES;
				GCC_WARN_UNUSED_VARIABLE = YES;
				IPHONEOS_DEPLOYMENT_TARGET = 8.1;
				MTL_ENABLE_DEBUG_INFO = YES;
				ONLY_ACTIVE_ARCH = YES;
				SDKROOT = iphoneos;
			};
			name = Debug;
		};
		23AEC7CC1A9C9C2200984F56 /* Release */ = {
			isa = XCBuildConfiguration;
			buildSettings = {
				ALWAYS_SEARCH_USER_PATHS = NO;
				CLANG_CXX_LANGUAGE_STANDARD = "gnu++0x";
				CLANG_CXX_LIBRARY = "libc++";
				CLANG_ENABLE_MODULES = YES;
				CLANG_ENABLE_OBJC_ARC = YES;
				CLANG_WARN_BOOL_CONVERSION = YES;
				CLANG_WARN_CONSTANT_CONVERSION = YES;
				CLANG_WARN_DIRECT_OBJC_ISA_USAGE = YES_ERROR;
				CLANG_WARN_EMPTY_BODY = YES;
				CLANG_WARN_ENUM_CONVERSION = YES;
				CLANG_WARN_INT_CONVERSION = YES;
				CLANG_WARN_OBJC_ROOT_CLASS = YES_ERROR;
				CLANG_WARN_UNREACHABLE_CODE = YES;
				CLANG_WARN__DUPLICATE_METHOD_MATCH = YES;
				"CODE_SIGN_IDENTITY[sdk=iphoneos*]" = "iPhone Developer";
				COPY_PHASE_STRIP = YES;
				ENABLE_NS_ASSERTIONS = NO;
				ENABLE_STRICT_OBJC_MSGSEND = YES;
				GCC_C_LANGUAGE_STANDARD = gnu99;
				GCC_WARN_64_TO_32_BIT_CONVERSION = YES;
				GCC_WARN_ABOUT_RETURN_TYPE = YES_ERROR;
				GCC_WARN_UNDECLARED_SELECTOR = YES;
				GCC_WARN_UNINITIALIZED_AUTOS = YES_AGGRESSIVE;
				GCC_WARN_UNUSED_FUNCTION = YES;
				GCC_WARN_UNUSED_VARIABLE = YES;
				IPHONEOS_DEPLOYMENT_TARGET = 8.1;
				MTL_ENABLE_DEBUG_INFO = NO;
				SDKROOT = iphoneos;
				VALIDATE_PRODUCT = YES;
			};
			name = Release;
		};
		23AEC7CE1A9C9C2200984F56 /* Debug */ = {
			isa = XCBuildConfiguration;
			baseConfigurationReference = F50EC01E063711E19F74C7F4 /* Pods.debug.xcconfig */;
			buildSettings = {
				ASSETCATALOG_COMPILER_APPICON_NAME = AppIcon;
				FRAMEWORK_SEARCH_PATHS = (
					"$(inherited)",
					"$(PROJECT_DIR)/Hash",
				);
				INFOPLIST_FILE = Hash/Info.plist;
				IPHONEOS_DEPLOYMENT_TARGET = 8.0;
				LD_RUNPATH_SEARCH_PATHS = "$(inherited) @executable_path/Frameworks";
				PRODUCT_NAME = "$(TARGET_NAME)";
			};
			name = Debug;
		};
		23AEC7CF1A9C9C2200984F56 /* Release */ = {
			isa = XCBuildConfiguration;
			baseConfigurationReference = 566CACB78F9E4C94F2E90412 /* Pods.release.xcconfig */;
			buildSettings = {
				ASSETCATALOG_COMPILER_APPICON_NAME = AppIcon;
				FRAMEWORK_SEARCH_PATHS = (
					"$(inherited)",
					"$(PROJECT_DIR)/Hash",
				);
				INFOPLIST_FILE = Hash/Info.plist;
				IPHONEOS_DEPLOYMENT_TARGET = 8.0;
				LD_RUNPATH_SEARCH_PATHS = "$(inherited) @executable_path/Frameworks";
				PRODUCT_NAME = "$(TARGET_NAME)";
			};
			name = Release;
		};
		23AEC7D11A9C9C2200984F56 /* Debug */ = {
			isa = XCBuildConfiguration;
			buildSettings = {
				BUNDLE_LOADER = "$(TEST_HOST)";
				FRAMEWORK_SEARCH_PATHS = (
					"$(SDKROOT)/Developer/Library/Frameworks",
					"$(inherited)",
				);
				GCC_PREPROCESSOR_DEFINITIONS = (
					"DEBUG=1",
					"$(inherited)",
				);
				INFOPLIST_FILE = HashTests/Info.plist;
				LD_RUNPATH_SEARCH_PATHS = "$(inherited) @executable_path/Frameworks @loader_path/Frameworks";
				PRODUCT_NAME = "$(TARGET_NAME)";
				TEST_HOST = "$(BUILT_PRODUCTS_DIR)/Hash.app/Hash";
			};
			name = Debug;
		};
		23AEC7D21A9C9C2200984F56 /* Release */ = {
			isa = XCBuildConfiguration;
			buildSettings = {
				BUNDLE_LOADER = "$(TEST_HOST)";
				FRAMEWORK_SEARCH_PATHS = (
					"$(SDKROOT)/Developer/Library/Frameworks",
					"$(inherited)",
				);
				INFOPLIST_FILE = HashTests/Info.plist;
				LD_RUNPATH_SEARCH_PATHS = "$(inherited) @executable_path/Frameworks @loader_path/Frameworks";
				PRODUCT_NAME = "$(TARGET_NAME)";
				TEST_HOST = "$(BUILT_PRODUCTS_DIR)/Hash.app/Hash";
			};
			name = Release;
		};
/* End XCBuildConfiguration section */

/* Begin XCConfigurationList section */
		23AEC7A51A9C9C2200984F56 /* Build configuration list for PBXProject "Hash" */ = {
			isa = XCConfigurationList;
			buildConfigurations = (
				23AEC7CB1A9C9C2200984F56 /* Debug */,
				23AEC7CC1A9C9C2200984F56 /* Release */,
			);
			defaultConfigurationIsVisible = 0;
			defaultConfigurationName = Release;
		};
		23AEC7CD1A9C9C2200984F56 /* Build configuration list for PBXNativeTarget "Hash" */ = {
			isa = XCConfigurationList;
			buildConfigurations = (
				23AEC7CE1A9C9C2200984F56 /* Debug */,
				23AEC7CF1A9C9C2200984F56 /* Release */,
			);
			defaultConfigurationIsVisible = 0;
			defaultConfigurationName = Release;
		};
		23AEC7D01A9C9C2200984F56 /* Build configuration list for PBXNativeTarget "HashTests" */ = {
			isa = XCConfigurationList;
			buildConfigurations = (
				23AEC7D11A9C9C2200984F56 /* Debug */,
				23AEC7D21A9C9C2200984F56 /* Release */,
			);
			defaultConfigurationIsVisible = 0;
			defaultConfigurationName = Release;
		};
/* End XCConfigurationList section */
	};
	rootObject = 23AEC7A21A9C9C2200984F56 /* Project object */;
}
